
Microsoft Visual Studio Solution File, Format Version 12.00
# Visual Studio Version 16
VisualStudioVersion = 16.0.33920.266
MinimumVisualStudioVersion = 10.0.40219.1
Project("{FAE04EC0-301F-11D3-BF4B-00C04F79EFBC}") = "SuperAdventure", "SuperAdventure\SuperAdventure.csproj", "{8772B662-BB94-464C-ACD2-872C9D3C4DCE}"
EndProject
Project("{FAE04EC0-301F-11D3-BF4B-00C04F79EFBC}") = "Engine", "..\Engine\Engine.csproj", "{C5F2844A-5AB6-4A18-96F7-6C198BBBB3FB}"
EndProject
Global
	GlobalSection(SolutionConfigurationPlatforms) = preSolution
		Debug|Any CPU = Debug|Any CPU
		Release|Any CPU = Release|Any CPU
	EndGlobalSection
	GlobalSection(ProjectConfigurationPlatforms) = postSolution
		{8772B662-BB94-464C-ACD2-872C9D3C4DCE}.Debug|Any CPU.ActiveCfg = Debug|Any CPU
		{8772B662-BB94-464C-ACD2-872C9D3C4DCE}.Debug|Any CPU.Build.0 = Debug|Any CPU
		{8772B662-BB94-464C-ACD2-872C9D3C4DCE}.Release|Any CPU.ActiveCfg = Release|Any CPU
		{8772B662-BB94-464C-ACD2-872C9D3C4DCE}.Release|Any CPU.Build.0 = Release|Any CPU
		{C5F2844A-5AB6-4A18-96F7-6C198BBBB3FB}.Debug|Any CPU.ActiveCfg = Debug|Any CPU
		{C5F2844A-5AB6-4A18-96F7-6C198BBBB3FB}.Debug|Any CPU.Build.0 = Debug|Any CPU
		{C5F2844A-5AB6-4A18-96F7-6C198BBBB3FB}.Release|Any CPU.ActiveCfg = Release|Any CPU
		{C5F2844A-5AB6-4A18-96F7-6C198BBBB3FB}.Release|Any CPU.Build.0 = Release|Any CPU
	EndGlobalSection
	GlobalSection(SolutionProperties) = preSolution
		HideSolutionNode = FALSE
	EndGlobalSection
	GlobalSection(ExtensibilityGlobals) = postSolution
		SolutionGuid = {C6628ED8-D670-4DD1-BC68-E0DC3F014B0C}
	EndGlobalSection
EndGlobal
